# THIS IS AN AUTOGENERATED FILE. DO NOT EDIT THIS FILE DIRECTLY.
# yarn lockfile v1


"prettier@^1.19.1":
  "integrity" "sha512-s7PoyDv/II1ObgQunCbB9PdLmUcBZcnWOcxDh7O0N/UwDEsHyqkW+Qh28jW+mVuCdx7gLB0BotYI1Y6uI9iyew=="
  "resolved" "https://registry.npmjs.org/prettier/-/prettier-1.19.1.tgz"
  "version" "1.19.1"

"ts-toolbelt@6.1.6":
  "integrity" "sha512-zrLyrOg3LQlRi40hP8MHEXXlqkejYjBkX6U3ATY/NyBt0IRbYAJs8QG2meHV1HoRiTBMIgMav8ICu/IxOK4QCQ=="
  "resolved" "https://registry.npmjs.org/ts-toolbelt/-/ts-toolbelt-6.1.6.tgz"
  "version" "6.1.6"

"typescript@4.8.3":
  "integrity" "sha512-goMHfm00nWPa8UvR/CPSvykqf6dVV8x/dp0c5mFTMTIu0u0FlGWRioyy7Nn0PGAdHxpJZnuO/ut+PpQ8UiHAig=="
  "resolved" "https://registry.npmjs.org/typescript/-/typescript-4.8.3.tgz"
  "version" "4.8.3"
